
Microsoft Visual Studio Solution File, Format Version 12.00
# Visual Studio Version 16
VisualStudioVersion = 16.0.30204.135
MinimumVisualStudioVersion = 10.0.40219.1
Project("{FAE04EC0-301F-11D3-BF4B-00C04F79EFBC}") = "Canteen Menu", "Canteen Menu\Canteen Menu.csproj", "{5B4973C3-DF17-42E5-8BD2-93F16AD4EE15}"
EndProject
Global
	GlobalSection(SolutionConfigurationPlatforms) = preSolution
		Debug|Any CPU = Debug|Any CPU
		Release|Any CPU = Release|Any CPU
	EndGlobalSection
	GlobalSection(ProjectConfigurationPlatforms) = postSolution
		{5B4973C3-DF17-42E5-8BD2-93F16AD4EE15}.Debug|Any CPU.ActiveCfg = Debug|Any CPU
		{5B4973C3-DF17-42E5-8BD2-93F16AD4EE15}.Debug|Any CPU.Build.0 = Debug|Any CPU
		{5B4973C3-DF17-42E5-8BD2-93F16AD4EE15}.Release|Any CPU.ActiveCfg = Release|Any CPU
		{5B4973C3-DF17-42E5-8BD2-93F16AD4EE15}.Release|Any CPU.Build.0 = Release|Any CPU
	EndGlobalSection
	GlobalSection(SolutionProperties) = preSolution
		HideSolutionNode = FALSE
	EndGlobalSection
	GlobalSection(ExtensibilityGlobals) = postSolution
		SolutionGuid = {4BD8CCC6-BA21-459F-9888-62EB089E920B}
	EndGlobalSection
EndGlobal
